
Microsoft Visual Studio Solution File, Format Version 12.00
# Visual Studio Version 16
VisualStudioVersion = 16.0.810.20
MinimumVisualStudioVersion = 10.0.40219.1
Project("{FAE04EC0-301F-11D3-BF4B-00C04F79EFBC}") = "SiliconDonuts", "SiliconDonuts\SiliconDonuts.csproj", "{D30CDE49-5722-4362-84E8-7A0C32FB6ABF}"
EndProject
Global
	GlobalSection(SolutionConfigurationPlatforms) = preSolution
		Debug|Any CPU = Debug|Any CPU
		Release|Any CPU = Release|Any CPU
	EndGlobalSection
	GlobalSection(ProjectConfigurationPlatforms) = postSolution
		{D30CDE49-5722-4362-84E8-7A0C32FB6ABF}.Debug|Any CPU.ActiveCfg = Debug|Any CPU
		{D30CDE49-5722-4362-84E8-7A0C32FB6ABF}.Debug|Any CPU.Build.0 = Debug|Any CPU
		{D30CDE49-5722-4362-84E8-7A0C32FB6ABF}.Release|Any CPU.ActiveCfg = Release|Any CPU
		{D30CDE49-5722-4362-84E8-7A0C32FB6ABF}.Release|Any CPU.Build.0 = Release|Any CPU
	EndGlobalSection
	GlobalSection(SolutionProperties) = preSolution
		HideSolutionNode = FALSE
	EndGlobalSection
	GlobalSection(ExtensibilityGlobals) = postSolution
		SolutionGuid = {DBFFDB6F-2868-4733-9139-C8103E35E860}
	EndGlobalSection
EndGlobal
